<?xml version="1.0" encoding="utf-8"?>
<Project ToolsVersion="4.0" xmlns="http://schemas.microsoft.com/developer/msbuild/2003">
  <ItemGroup>
    <Filter Include="Resource Files">
      <UniqueIdentifier>{67DA6AB6-F800-4c08-8B7A-83BB121AAD01}</UniqueIdentifier>
      <Extensions>rc;ico;cur;bmp;dlg;rc2;rct;bin;rgs;gif;jpg;jpeg;jpe;resx;tiff;tif;png;wav;mfcribbon-ms</Extensions>
    </Filter>
    <Filter Include="Core">
      <UniqueIdentifier>{4FC737F1-C7A5-4376-A066-2A32D752A2FF}</UniqueIdentifier>
      <Extensions>cpp;c;cc;cxx;def;odl;idl;hpj;bat;asm;asmx</Extensions>
    </Filter>
    <Filter Include="Parts">
      <UniqueIdentifier>{b9cd3c46-1c7a-4e3f-8599-b68a30609756}</UniqueIdentifier>
    </Filter>
    <Filter Include="Objects">
      <UniqueIdentifier>{22e6fb56-dd82-4003-8f41-d1688e8a067f}</UniqueIdentifier>
    </Filter>
    <Filter Include="Header Files">
      <UniqueIdentifier>{63a075cd-cb39-43c8-b5a7-15e5717649be}</UniqueIdentifier>
    </Filter>
    <Filter Include="Network">
      <UniqueIdentifier>{d4fa79be-bb8c-4e8b-b10a-5dc5afd3d719}</UniqueIdentifier>
    </Filter>
    <Filter Include="Spells">
      <UniqueIdentifier>{87cfd5a0-41f4-4d3a-aec5-e7d33bb26333}</UniqueIdentifier>
    </Filter>
    <Filter Include="Tools">
      <UniqueIdentifier>{57e53b47-ea13-47f2-b355-942fb280a9b1}</UniqueIdentifier>
    </Filter>
    <Filter Include="Tools\pugiXML">
      <UniqueIdentifier>{5a333267-a7b7-4c88-b1e0-146424dd0048}</UniqueIdentifier>
    </Filter>
    <Filter Include="UI">
      <UniqueIdentifier>{aa50a9e3-3308-4741-a7fd-1f98af730352}</UniqueIdentifier>
    </Filter>
  </ItemGroup>
  <ItemGroup>
    <ClCompile Include="Application.cpp">
      <Filter>Core</Filter>
    </ClCompile>
    <ClCompile Include="Main.cpp" />
    <ClCompile Include="Input.cpp">
      <Filter>Core</Filter>
    </ClCompile>
    <ClCompile Include="Window.cpp">
      <Filter>Core</Filter>
    </ClCompile>
    <ClCompile Include="Render.cpp">
      <Filter>Core</Filter>
    </ClCompile>
    <ClCompile Include="Textures.cpp">
      <Filter>Parts</Filter>
    </ClCompile>
    <ClCompile Include="SceneController.cpp">
      <Filter>Parts</Filter>
    </ClCompile>
    <ClCompile Include="Physics.cpp">
      <Filter>Parts</Filter>
    </ClCompile>
    <ClCompile Include="Player.cpp">
      <Filter>Objects</Filter>
    </ClCompile>
    <ClCompile Include="Console.cpp">
      <Filter>Parts</Filter>
    </ClCompile>
    <ClCompile Include="Timer.cpp" />
    <ClCompile Include="Animation.cpp" />
    <ClCompile Include="Camera.cpp">
      <Filter>Parts</Filter>
    </ClCompile>
    <ClCompile Include="Fire.cpp">
      <Filter>Spells</Filter>
    </ClCompile>
    <ClCompile Include="FireBall.cpp">
      <Filter>Objects</Filter>
    </ClCompile>
    <ClCompile Include="Wind.cpp">
      <Filter>Spells</Filter>
    </ClCompile>
    <ClCompile Include="WindSlash.cpp">
      <Filter>Objects</Filter>
    </ClCompile>
    <ClCompile Include="Water.cpp">
      <Filter>Spells</Filter>
    </ClCompile>
    <ClCompile Include="IceShard.cpp">
      <Filter>Objects</Filter>
    </ClCompile>
    <ClCompile Include="IceBlock.cpp">
      <Filter>Objects</Filter>
    </ClCompile>
    <ClCompile Include="Cloud.cpp">
      <Filter>Objects</Filter>
    </ClCompile>
    <ClCompile Include="Rain.cpp">
      <Filter>Objects</Filter>
    </ClCompile>
    <ClCompile Include="Grass.cpp">
      <Filter>Spells</Filter>
    </ClCompile>
    <ClCompile Include="Leaf.cpp">
      <Filter>Objects</Filter>
    </ClCompile>
    <ClCompile Include="Thorns.cpp">
      <Filter>Objects</Filter>
    </ClCompile>
    <ClCompile Include="Ground.cpp">
      <Filter>Spells</Filter>
    </ClCompile>
    <ClCompile Include="Rock.cpp">
      <Filter>Objects</Filter>
    </ClCompile>
    <ClCompile Include="Shockwave.cpp">
      <Filter>Objects</Filter>
    </ClCompile>
    <ClCompile Include="pugiXML\src\pugixml.cpp">
      <Filter>Tools\pugiXML</Filter>
    </ClCompile>
    <ClCompile Include="Audio.cpp">
      <Filter>Parts</Filter>
    </ClCompile>
    <ClCompile Include="Particles.cpp">
      <Filter>Parts</Filter>
    </ClCompile>
    <ClCompile Include="ParticleEmitter.cpp">
      <Filter>Core</Filter>
    </ClCompile>
    <ClCompile Include="Gui.cpp">
      <Filter>Parts</Filter>
    </ClCompile>
    <ClCompile Include="UIelement.cpp">
      <Filter>UI</Filter>
    </ClCompile>
    <ClCompile Include="UIimage.cpp">
      <Filter>UI</Filter>
    </ClCompile>
  </ItemGroup>
  <ItemGroup>
    <ClInclude Include="Application.h">
      <Filter>Core</Filter>
    </ClInclude>
    <ClInclude Include="Part.h" />
    <ClInclude Include="Input.h">
      <Filter>Core</Filter>
    </ClInclude>
    <ClInclude Include="Window.h">
      <Filter>Core</Filter>
    </ClInclude>
    <ClInclude Include="Render.h">
      <Filter>Core</Filter>
    </ClInclude>
    <ClInclude Include="Textures.h">
      <Filter>Parts</Filter>
    </ClInclude>
    <ClInclude Include="SceneController.h">
      <Filter>Parts</Filter>
    </ClInclude>
    <ClInclude Include="PartsDef.h" />
    <ClInclude Include="Player.h">
      <Filter>Objects</Filter>
    </ClInclude>
    <ClInclude Include="Console.h">
      <Filter>Parts</Filter>
    </ClInclude>
    <ClInclude Include="Timer.h" />
    <ClInclude Include="Physics.h">
      <Filter>Parts</Filter>
    </ClInclude>
    <ClInclude Include="Animation.h" />
    <ClInclude Include="Camera.h">
      <Filter>Parts</Filter>
    </ClInclude>
    <ClInclude Include="Spell.h">
      <Filter>Spells</Filter>
    </ClInclude>
    <ClInclude Include="Fire.h">
      <Filter>Spells</Filter>
    </ClInclude>
    <ClInclude Include="FireBall.h">
      <Filter>Objects</Filter>
    </ClInclude>
    <ClInclude Include="Wind.h">
      <Filter>Spells</Filter>
    </ClInclude>
    <ClInclude Include="WindSlash.h">
      <Filter>Objects</Filter>
    </ClInclude>
    <ClInclude Include="Water.h">
      <Filter>Spells</Filter>
    </ClInclude>
    <ClInclude Include="IceShard.h">
      <Filter>Objects</Filter>
    </ClInclude>
    <ClInclude Include="IceBlock.h">
      <Filter>Objects</Filter>
    </ClInclude>
    <ClInclude Include="Cloud.h">
      <Filter>Objects</Filter>
    </ClInclude>
    <ClInclude Include="Rain.h">
      <Filter>Objects</Filter>
    </ClInclude>
    <ClInclude Include="Grass.h">
      <Filter>Spells</Filter>
    </ClInclude>
    <ClInclude Include="Leaf.h">
      <Filter>Objects</Filter>
    </ClInclude>
    <ClInclude Include="Thorns.h">
      <Filter>Objects</Filter>
    </ClInclude>
    <ClInclude Include="Math.h" />
    <ClInclude Include="Ground.h">
      <Filter>Spells</Filter>
    </ClInclude>
    <ClInclude Include="Rock.h">
      <Filter>Objects</Filter>
    </ClInclude>
    <ClInclude Include="Shockwave.h">
      <Filter>Objects</Filter>
    </ClInclude>
    <ClInclude Include="pugiXML\src\pugiconfig.hpp">
      <Filter>Tools\pugiXML</Filter>
    </ClInclude>
    <ClInclude Include="pugiXML\src\pugixml.hpp">
      <Filter>Tools\pugiXML</Filter>
    </ClInclude>
    <ClInclude Include="Audio.h">
      <Filter>Parts</Filter>
    </ClInclude>
    <ClInclude Include="Particles.h">
      <Filter>Parts</Filter>
    </ClInclude>
    <ClInclude Include="ParticleEmitter.h" />
    <ClInclude Include="Gui.h">
      <Filter>Parts</Filter>
    </ClInclude>
    <ClInclude Include="UIelement.h">
      <Filter>UI</Filter>
    </ClInclude>
    <ClInclude Include="UIimage.h">
      <Filter>UI</Filter>
    </ClInclude>
  </ItemGroup>
</Project>