<?xml version="1.0" encoding="utf-8"?>
<Project ToolsVersion="4.0" xmlns="http://schemas.microsoft.com/developer/msbuild/2003">
  <ItemGroup>
    <Filter Include="Header Files">
      <UniqueIdentifier>{63a075cd-cb39-43c8-b5a7-15e5717649be}</UniqueIdentifier>
    </Filter>
    <Filter Include="Source Files">
      <UniqueIdentifier>{67DA6AB6-F800-4c08-8B7A-83BB121AAD01}</UniqueIdentifier>
      <Extensions>rc;ico;cur;bmp;dlg;rc2;rct;bin;rgs;gif;jpg;jpeg;jpe;resx;tiff;tif;png;wav;mfcribbon-ms</Extensions>
    </Filter>
    <Filter Include="Source Files\Modules">
      <UniqueIdentifier>{f4af1d81-ea60-40d5-adb0-2208bc8b6596}</UniqueIdentifier>
    </Filter>
    <Filter Include="Source Files\Tools">
      <UniqueIdentifier>{57e53b47-ea13-47f2-b355-942fb280a9b1}</UniqueIdentifier>
    </Filter>
    <Filter Include="Source Files\Tools\pugiXML">
      <UniqueIdentifier>{5a333267-a7b7-4c88-b1e0-146424dd0048}</UniqueIdentifier>
    </Filter>
    <Filter Include="Source Files\EngineElements">
      <UniqueIdentifier>{0f4cfac9-8b51-4696-8a9e-f3ad597c0cb0}</UniqueIdentifier>
    </Filter>
    <Filter Include="Source Files\Utils">
      <UniqueIdentifier>{b729c7f6-b43e-44f2-9b82-85198c0fe2a7}</UniqueIdentifier>
    </Filter>
  </ItemGroup>
  <ItemGroup>
    <ClCompile Include="lib\pugiXML\src\pugixml.cpp">
      <Filter>Source Files\Tools\pugiXML</Filter>
    </ClCompile>
    <ClCompile Include="src\Application.cpp">
      <Filter>Source Files</Filter>
    </ClCompile>
    <ClCompile Include="src\Modules\Audio.cpp">
      <Filter>Source Files\Modules</Filter>
    </ClCompile>
    <ClCompile Include="src\Modules\Camera.cpp">
      <Filter>Source Files\Modules</Filter>
    </ClCompile>
    <ClCompile Include="src\Modules\Debug.cpp">
      <Filter>Source Files\Modules</Filter>
    </ClCompile>
    <ClCompile Include="src\Modules\Gui.cpp">
      <Filter>Source Files\Modules</Filter>
    </ClCompile>
    <ClCompile Include="src\Modules\Input.cpp">
      <Filter>Source Files\Modules</Filter>
    </ClCompile>
    <ClCompile Include="src\Modules\ObjectManager.cpp">
      <Filter>Source Files\Modules</Filter>
    </ClCompile>
    <ClCompile Include="src\Modules\Particles.cpp">
      <Filter>Source Files\Modules</Filter>
    </ClCompile>
    <ClCompile Include="src\Modules\ProgressTracker.cpp">
      <Filter>Source Files\Modules</Filter>
    </ClCompile>
    <ClCompile Include="src\Modules\Render.cpp">
      <Filter>Source Files\Modules</Filter>
    </ClCompile>
    <ClCompile Include="src\Modules\SceneController.cpp">
      <Filter>Source Files\Modules</Filter>
    </ClCompile>
    <ClCompile Include="src\Modules\Text.cpp">
      <Filter>Source Files\Modules</Filter>
    </ClCompile>
    <ClCompile Include="src\Modules\Textures.cpp">
      <Filter>Source Files\Modules</Filter>
    </ClCompile>
    <ClCompile Include="src\Modules\Window.cpp">
      <Filter>Source Files\Modules</Filter>
    </ClCompile>
    <ClCompile Include="src\EngineElements\Animation.cpp">
      <Filter>Source Files\EngineElements</Filter>
    </ClCompile>
    <ClCompile Include="src\EngineElements\ParticleEmitter.cpp">
      <Filter>Source Files\EngineElements</Filter>
    </ClCompile>
    <ClCompile Include="src\EngineElements\UIelement.cpp">
      <Filter>Source Files\EngineElements</Filter>
    </ClCompile>
    <ClCompile Include="src\Utils\Logger.cpp">
      <Filter>Source Files\Utils</Filter>
    </ClCompile>
    <ClCompile Include="src\Utils\Timer.cpp">
      <Filter>Source Files\Utils</Filter>
    </ClCompile>
  </ItemGroup>
  <ItemGroup>
    <ClInclude Include="lib\pugiXML\src\pugiconfig.hpp">
      <Filter>Source Files\Tools\pugiXML</Filter>
    </ClInclude>
    <ClInclude Include="lib\pugiXML\src\pugixml.hpp">
      <Filter>Source Files\Tools\pugiXML</Filter>
    </ClInclude>
    <ClInclude Include="include\Application.h">
      <Filter>Source Files</Filter>
    </ClInclude>
    <ClInclude Include="include\Modules\Audio.h">
      <Filter>Source Files\Modules</Filter>
    </ClInclude>
    <ClInclude Include="include\Modules\Camera.h">
      <Filter>Source Files\Modules</Filter>
    </ClInclude>
    <ClInclude Include="include\Modules\Debug.h">
      <Filter>Source Files\Modules</Filter>
    </ClInclude>
    <ClInclude Include="include\Modules\Gui.h">
      <Filter>Source Files\Modules</Filter>
    </ClInclude>
    <ClInclude Include="include\Modules\Input.h">
      <Filter>Source Files\Modules</Filter>
    </ClInclude>
    <ClInclude Include="include\Modules\ObjectManager.h">
      <Filter>Source Files\Modules</Filter>
    </ClInclude>
    <ClInclude Include="include\Modules\Part.h">
      <Filter>Source Files\Modules</Filter>
    </ClInclude>
    <ClInclude Include="include\Modules\Particles.h">
      <Filter>Source Files\Modules</Filter>
    </ClInclude>
    <ClInclude Include="include\Modules\PartsDef.h">
      <Filter>Source Files\Modules</Filter>
    </ClInclude>
    <ClInclude Include="include\Modules\ProgressTracker.h">
      <Filter>Source Files\Modules</Filter>
    </ClInclude>
    <ClInclude Include="include\Modules\Render.h">
      <Filter>Source Files\Modules</Filter>
    </ClInclude>
    <ClInclude Include="include\Modules\SceneController.h">
      <Filter>Source Files\Modules</Filter>
    </ClInclude>
    <ClInclude Include="include\Modules\Text.h">
      <Filter>Source Files\Modules</Filter>
    </ClInclude>
    <ClInclude Include="include\Modules\Textures.h">
      <Filter>Source Files\Modules</Filter>
    </ClInclude>
    <ClInclude Include="include\Modules\Window.h">
      <Filter>Source Files\Modules</Filter>
    </ClInclude>
    <ClInclude Include="include\EngineElements\Animation.h">
      <Filter>Source Files\EngineElements</Filter>
    </ClInclude>
    <ClInclude Include="include\EngineElements\ParticleEmitter.h">
      <Filter>Source Files\EngineElements</Filter>
    </ClInclude>
    <ClInclude Include="include\EngineElements\UIelement.h">
      <Filter>Source Files\EngineElements</Filter>
    </ClInclude>
    <ClInclude Include="include\Utils\Logger.h">
      <Filter>Source Files\Utils</Filter>
    </ClInclude>
    <ClInclude Include="include\Utils\MathHelp.h">
      <Filter>Source Files\Utils</Filter>
    </ClInclude>
    <ClInclude Include="include\Utils\Timer.h">
      <Filter>Source Files\Utils</Filter>
    </ClInclude>
    <ClInclude Include="include\Utils\Utils.h">
      <Filter>Source Files\Utils</Filter>
    </ClInclude>
    <ClInclude Include="include\EngineAPI.h">
      <Filter>Source Files</Filter>
    </ClInclude>
  </ItemGroup>
</Project>